// !$*UTF8*$!
{
	archiveVersion = 1;
	classes = {
	};
	objectVersion = 50;
	objects = {

/* Begin PBXBuildFile section */
		5AF3F13B23E8C906003D4B6D /* AppDelegate.swift in Sources */ = {isa = PBXBuildFile; fileRef = 5AF3F13A23E8C906003D4B6D /* AppDelegate.swift */; };
		5AF3F13D23E8C906003D4B6D /* SceneDelegate.swift in Sources */ = {isa = PBXBuildFile; fileRef = 5AF3F13C23E8C906003D4B6D /* SceneDelegate.swift */; };
		5AF3F14223E8C906003D4B6D /* Main.storyboard in Resources */ = {isa = PBXBuildFile; fileRef = 5AF3F14023E8C906003D4B6D /* Main.storyboard */; };
		5AF3F14423E8C907003D4B6D /* Assets.xcassets in Resources */ = {isa = PBXBuildFile; fileRef = 5AF3F14323E8C907003D4B6D /* Assets.xcassets */; };
		5AF3F14723E8C907003D4B6D /* LaunchScreen.storyboard in Resources */ = {isa = PBXBuildFile; fileRef = 5AF3F14523E8C907003D4B6D /* LaunchScreen.storyboard */; };
		5AF3F14F23E8C9A7003D4B6D /* MedicationModel.swift in Sources */ = {isa = PBXBuildFile; fileRef = 5AF3F14E23E8C9A7003D4B6D /* MedicationModel.swift */; };
		5AF3F15123E8CAB8003D4B6D /* MedicationsListViewController.swift in Sources */ = {isa = PBXBuildFile; fileRef = 5AF3F15023E8CAB8003D4B6D /* MedicationsListViewController.swift */; };
		5AF3F15323E8CAE2003D4B6D /* AddMedicationDetailsViewController.swift in Sources */ = {isa = PBXBuildFile; fileRef = 5AF3F15223E8CAE2003D4B6D /* AddMedicationDetailsViewController.swift */; };
		5AF3F15523E8CB0C003D4B6D /* ThemeViewController.swift in Sources */ = {isa = PBXBuildFile; fileRef = 5AF3F15423E8CB0C003D4B6D /* ThemeViewController.swift */; };
		5AF3F15723E8CB16003D4B6D /* NotesViewController.swift in Sources */ = {isa = PBXBuildFile; fileRef = 5AF3F15623E8CB16003D4B6D /* NotesViewController.swift */; };
		5AF3F15923E8CDE8003D4B6D /* MedicationTableViewCell.swift in Sources */ = {isa = PBXBuildFile; fileRef = 5AF3F15823E8CDE8003D4B6D /* MedicationTableViewCell.swift */; };
/* End PBXBuildFile section */

/* Begin PBXFileReference section */
		5AF3F13723E8C906003D4B6D /* MedMateBuildWeek1.app */ = {isa = PBXFileReference; explicitFileType = wrapper.application; includeInIndex = 0; path = MedMateBuildWeek1.app; sourceTree = BUILT_PRODUCTS_DIR; };
		5AF3F13A23E8C906003D4B6D /* AppDelegate.swift */ = {isa = PBXFileReference; lastKnownFileType = sourcecode.swift; path = AppDelegate.swift; sourceTree = "<group>"; };
		5AF3F13C23E8C906003D4B6D /* SceneDelegate.swift */ = {isa = PBXFileReference; lastKnownFileType = sourcecode.swift; path = SceneDelegate.swift; sourceTree = "<group>"; };
		5AF3F14123E8C906003D4B6D /* Base */ = {isa = PBXFileReference; lastKnownFileType = file.storyboard; name = Base; path = Base.lproj/Main.storyboard; sourceTree = "<group>"; };
		5AF3F14323E8C907003D4B6D /* Assets.xcassets */ = {isa = PBXFileReference; lastKnownFileType = folder.assetcatalog; path = Assets.xcassets; sourceTree = "<group>"; };
		5AF3F14623E8C907003D4B6D /* Base */ = {isa = PBXFileReference; lastKnownFileType = file.storyboard; name = Base; path = Base.lproj/LaunchScreen.storyboard; sourceTree = "<group>"; };
		5AF3F14823E8C907003D4B6D /* Info.plist */ = {isa = PBXFileReference; lastKnownFileType = text.plist.xml; path = Info.plist; sourceTree = "<group>"; };
		5AF3F14E23E8C9A7003D4B6D /* MedicationModel.swift */ = {isa = PBXFileReference; lastKnownFileType = sourcecode.swift; path = MedicationModel.swift; sourceTree = "<group>"; };
		5AF3F15023E8CAB8003D4B6D /* MedicationsListViewController.swift */ = {isa = PBXFileReference; lastKnownFileType = sourcecode.swift; path = MedicationsListViewController.swift; sourceTree = "<group>"; };
		5AF3F15223E8CAE2003D4B6D /* AddMedicationDetailsViewController.swift */ = {isa = PBXFileReference; lastKnownFileType = sourcecode.swift; path = AddMedicationDetailsViewController.swift; sourceTree = "<group>"; };
		5AF3F15423E8CB0C003D4B6D /* ThemeViewController.swift */ = {isa = PBXFileReference; lastKnownFileType = sourcecode.swift; path = ThemeViewController.swift; sourceTree = "<group>"; };
		5AF3F15623E8CB16003D4B6D /* NotesViewController.swift */ = {isa = PBXFileReference; lastKnownFileType = sourcecode.swift; path = NotesViewController.swift; sourceTree = "<group>"; };
		5AF3F15823E8CDE8003D4B6D /* MedicationTableViewCell.swift */ = {isa = PBXFileReference; lastKnownFileType = sourcecode.swift; path = MedicationTableViewCell.swift; sourceTree = "<group>"; };
/* End PBXFileReference section */

/* Begin PBXFrameworksBuildPhase section */
		5AF3F13423E8C906003D4B6D /* Frameworks */ = {
			isa = PBXFrameworksBuildPhase;
			buildActionMask = 2147483647;
			files = (
			);
			runOnlyForDeploymentPostprocessing = 0;
		};
/* End PBXFrameworksBuildPhase section */

/* Begin PBXGroup section */
		5AF3F12E23E8C906003D4B6D = {
			isa = PBXGroup;
			children = (
				5AF3F13923E8C906003D4B6D /* MedMateBuildWeek1 */,
				5AF3F13823E8C906003D4B6D /* Products */,
			);
			sourceTree = "<group>";
		};
		5AF3F13823E8C906003D4B6D /* Products */ = {
			isa = PBXGroup;
			children = (
				5AF3F13723E8C906003D4B6D /* MedMateBuildWeek1.app */,
			);
			name = Products;
			sourceTree = "<group>";
		};
		5AF3F13923E8C906003D4B6D /* MedMateBuildWeek1 */ = {
			isa = PBXGroup;
			children = (
				5AF3F14E23E8C9A7003D4B6D /* MedicationModel.swift */,
				5AF3F15023E8CAB8003D4B6D /* MedicationsListViewController.swift */,
				5AF3F15823E8CDE8003D4B6D /* MedicationTableViewCell.swift */,
				5AF3F15223E8CAE2003D4B6D /* AddMedicationDetailsViewController.swift */,
				5AF3F15423E8CB0C003D4B6D /* ThemeViewController.swift */,
				5AF3F15623E8CB16003D4B6D /* NotesViewController.swift */,
				5AF3F13A23E8C906003D4B6D /* AppDelegate.swift */,
				5AF3F13C23E8C906003D4B6D /* SceneDelegate.swift */,
				5AF3F14023E8C906003D4B6D /* Main.storyboard */,
				5AF3F14323E8C907003D4B6D /* Assets.xcassets */,
				5AF3F14523E8C907003D4B6D /* LaunchScreen.storyboard */,
				5AF3F14823E8C907003D4B6D /* Info.plist */,
			);
			path = MedMateBuildWeek1;
			sourceTree = "<group>";
		};
/* End PBXGroup section */

/* Begin PBXNativeTarget section */
		5AF3F13623E8C906003D4B6D /* MedMateBuildWeek1 */ = {
			isa = PBXNativeTarget;
			buildConfigurationList = 5AF3F14B23E8C907003D4B6D /* Build configuration list for PBXNativeTarget "MedMateBuildWeek1" */;
			buildPhases = (
				5AF3F13323E8C906003D4B6D /* Sources */,
				5AF3F13423E8C906003D4B6D /* Frameworks */,
				5AF3F13523E8C906003D4B6D /* Resources */,
			);
			buildRules = (
			);
			dependencies = (
			);
			name = MedMateBuildWeek1;
			productName = MedMateBuildWeek1;
			productReference = 5AF3F13723E8C906003D4B6D /* MedMateBuildWeek1.app */;
			productType = "com.apple.product-type.application";
		};
/* End PBXNativeTarget section */

/* Begin PBXProject section */
		5AF3F12F23E8C906003D4B6D /* Project object */ = {
			isa = PBXProject;
			attributes = {
				LastSwiftUpdateCheck = 1130;
				LastUpgradeCheck = 1130;
				ORGANIZATIONNAME = "Stephanie Ballard";
				TargetAttributes = {
					5AF3F13623E8C906003D4B6D = {
						CreatedOnToolsVersion = 11.3.1;
					};
				};
			};
			buildConfigurationList = 5AF3F13223E8C906003D4B6D /* Build configuration list for PBXProject "MedMateBuildWeek1" */;
			compatibilityVersion = "Xcode 9.3";
			developmentRegion = en;
			hasScannedForEncodings = 0;
			knownRegions = (
				en,
				Base,
			);
			mainGroup = 5AF3F12E23E8C906003D4B6D;
			productRefGroup = 5AF3F13823E8C906003D4B6D /* Products */;
			projectDirPath = "";
			projectRoot = "";
			targets = (
				5AF3F13623E8C906003D4B6D /* MedMateBuildWeek1 */,
			);
		};
/* End PBXProject section */

/* Begin PBXResourcesBuildPhase section */
		5AF3F13523E8C906003D4B6D /* Resources */ = {
			isa = PBXResourcesBuildPhase;
			buildActionMask = 2147483647;
			files = (
				5AF3F14723E8C907003D4B6D /* LaunchScreen.storyboard in Resources */,
				5AF3F14423E8C907003D4B6D /* Assets.xcassets in Resources */,
				5AF3F14223E8C906003D4B6D /* Main.storyboard in Resources */,
			);
			runOnlyForDeploymentPostprocessing = 0;
		};
/* End PBXResourcesBuildPhase section */

/* Begin PBXSourcesBuildPhase section */
		5AF3F13323E8C906003D4B6D /* Sources */ = {
			isa = PBXSourcesBuildPhase;
			buildActionMask = 2147483647;
			files = (
				5AF3F15923E8CDE8003D4B6D /* MedicationTableViewCell.swift in Sources */,
				5AF3F15523E8CB0C003D4B6D /* ThemeViewController.swift in Sources */,
				5AF3F13B23E8C906003D4B6D /* AppDelegate.swift in Sources */,
				5AF3F15323E8CAE2003D4B6D /* AddMedicationDetailsViewController.swift in Sources */,
				5AF3F15723E8CB16003D4B6D /* NotesViewController.swift in Sources */,
				5AF3F15123E8CAB8003D4B6D /* MedicationsListViewController.swift in Sources */,
				5AF3F14F23E8C9A7003D4B6D /* MedicationModel.swift in Sources */,
				5AF3F13D23E8C906003D4B6D /* SceneDelegate.swift in Sources */,
			);
			runOnlyForDeploymentPostprocessing = 0;
		};
/* End PBXSourcesBuildPhase section */

/* Begin PBXVariantGroup section */
		5AF3F14023E8C906003D4B6D /* Main.storyboard */ = {
			isa = PBXVariantGroup;
			children = (
				5AF3F14123E8C906003D4B6D /* Base */,
			);
			name = Main.storyboard;
			sourceTree = "<group>";
		};
		5AF3F14523E8C907003D4B6D /* LaunchScreen.storyboard */ = {
			isa = PBXVariantGroup;
			children = (
				5AF3F14623E8C907003D4B6D /* Base */,
			);
			name = LaunchScreen.storyboard;
			sourceTree = "<group>";
		};
/* End PBXVariantGroup section */

/* Begin XCBuildConfiguration section */
		5AF3F14923E8C907003D4B6D /* Debug */ = {
			isa = XCBuildConfiguration;
			buildSettings = {
				ALWAYS_SEARCH_USER_PATHS = NO;
				CLANG_ANALYZER_NONNULL = YES;
				CLANG_ANALYZER_NUMBER_OBJECT_CONVERSION = YES_AGGRESSIVE;
				CLANG_CXX_LANGUAGE_STANDARD = "gnu++14";
				CLANG_CXX_LIBRARY = "libc++";
				CLANG_ENABLE_MODULES = YES;
				CLANG_ENABLE_OBJC_ARC = YES;
				CLANG_ENABLE_OBJC_WEAK = YES;
				CLANG_WARN_BLOCK_CAPTURE_AUTORELEASING = YES;
				CLANG_WARN_BOOL_CONVERSION = YES;
				CLANG_WARN_COMMA = YES;
				CLANG_WARN_CONSTANT_CONVERSION = YES;
				CLANG_WARN_DEPRECATED_OBJC_IMPLEMENTATIONS = YES;
				CLANG_WARN_DIRECT_OBJC_ISA_USAGE = YES_ERROR;
				CLANG_WARN_DOCUMENTATION_COMMENTS = YES;
				CLANG_WARN_EMPTY_BODY = YES;
				CLANG_WARN_ENUM_CONVERSION = YES;
				CLANG_WARN_INFINITE_RECURSION = YES;
				CLANG_WARN_INT_CONVERSION = YES;
				CLANG_WARN_NON_LITERAL_NULL_CONVERSION = YES;
				CLANG_WARN_OBJC_IMPLICIT_RETAIN_SELF = YES;
				CLANG_WARN_OBJC_LITERAL_CONVERSION = YES;
				CLANG_WARN_OBJC_ROOT_CLASS = YES_ERROR;
				CLANG_WARN_RANGE_LOOP_ANALYSIS = YES;
				CLANG_WARN_STRICT_PROTOTYPES = YES;
				CLANG_WARN_SUSPICIOUS_MOVE = YES;
				CLANG_WARN_UNGUARDED_AVAILABILITY = YES_AGGRESSIVE;
				CLANG_WARN_UNREACHABLE_CODE = YES;
				CLANG_WARN__DUPLICATE_METHOD_MATCH = YES;
				COPY_PHASE_STRIP = NO;
				DEBUG_INFORMATION_FORMAT = dwarf;
				ENABLE_STRICT_OBJC_MSGSEND = YES;
				ENABLE_TESTABILITY = YES;
				GCC_C_LANGUAGE_STANDARD = gnu11;
				GCC_DYNAMIC_NO_PIC = NO;
				GCC_NO_COMMON_BLOCKS = YES;
				GCC_OPTIMIZATION_LEVEL = 0;
				GCC_PREPROCESSOR_DEFINITIONS = (
					"DEBUG=1",
					"$(inherited)",
				);
				GCC_WARN_64_TO_32_BIT_CONVERSION = YES;
				GCC_WARN_ABOUT_RETURN_TYPE = YES_ERROR;
				GCC_WARN_UNDECLARED_SELECTOR = YES;
				GCC_WARN_UNINITIALIZED_AUTOS = YES_AGGRESSIVE;
				GCC_WARN_UNUSED_FUNCTION = YES;
				GCC_WARN_UNUSED_VARIABLE = YES;
				IPHONEOS_DEPLOYMENT_TARGET = 13.2;
				MTL_ENABLE_DEBUG_INFO = INCLUDE_SOURCE;
				MTL_FAST_MATH = YES;
				ONLY_ACTIVE_ARCH = YES;
				SDKROOT = iphoneos;
				SWIFT_ACTIVE_COMPILATION_CONDITIONS = DEBUG;
				SWIFT_OPTIMIZATION_LEVEL = "-Onone";
			};
			name = Debug;
		};
		5AF3F14A23E8C907003D4B6D /* Release */ = {
			isa = XCBuildConfiguration;
			buildSettings = {
				ALWAYS_SEARCH_USER_PATHS = NO;
				CLANG_ANALYZER_NONNULL = YES;
				CLANG_ANALYZER_NUMBER_OBJECT_CONVERSION = YES_AGGRESSIVE;
				CLANG_CXX_LANGUAGE_STANDARD = "gnu++14";
				CLANG_CXX_LIBRARY = "libc++";
				CLANG_ENABLE_MODULES = YES;
				CLANG_ENABLE_OBJC_ARC = YES;
				CLANG_ENABLE_OBJC_WEAK = YES;
				CLANG_WARN_BLOCK_CAPTURE_AUTORELEASING = YES;
				CLANG_WARN_BOOL_CONVERSION = YES;
				CLANG_WARN_COMMA = YES;
				CLANG_WARN_CONSTANT_CONVERSION = YES;
				CLANG_WARN_DEPRECATED_OBJC_IMPLEMENTATIONS = YES;
				CLANG_WARN_DIRECT_OBJC_ISA_USAGE = YES_ERROR;
				CLANG_WARN_DOCUMENTATION_COMMENTS = YES;
				CLANG_WARN_EMPTY_BODY = YES;
				CLANG_WARN_ENUM_CONVERSION = YES;
				CLANG_WARN_INFINITE_RECURSION = YES;
				CLANG_WARN_INT_CONVERSION = YES;
				CLANG_WARN_NON_LITERAL_NULL_CONVERSION = YES;
				CLANG_WARN_OBJC_IMPLICIT_RETAIN_SELF = YES;
				CLANG_WARN_OBJC_LITERAL_CONVERSION = YES;
				CLANG_WARN_OBJC_ROOT_CLASS = YES_ERROR;
				CLANG_WARN_RANGE_LOOP_ANALYSIS = YES;
				CLANG_WARN_STRICT_PROTOTYPES = YES;
				CLANG_WARN_SUSPICIOUS_MOVE = YES;
				CLANG_WARN_UNGUARDED_AVAILABILITY = YES_AGGRESSIVE;
				CLANG_WARN_UNREACHABLE_CODE = YES;
				CLANG_WARN__DUPLICATE_METHOD_MATCH = YES;
				COPY_PHASE_STRIP = NO;
				DEBUG_INFORMATION_FORMAT = "dwarf-with-dsym";
				ENABLE_NS_ASSERTIONS = NO;
				ENABLE_STRICT_OBJC_MSGSEND = YES;
				GCC_C_LANGUAGE_STANDARD = gnu11;
				GCC_NO_COMMON_BLOCKS = YES;
				GCC_WARN_64_TO_32_BIT_CONVERSION = YES;
				GCC_WARN_ABOUT_RETURN_TYPE = YES_ERROR;
				GCC_WARN_UNDECLARED_SELECTOR = YES;
				GCC_WARN_UNINITIALIZED_AUTOS = YES_AGGRESSIVE;
				GCC_WARN_UNUSED_FUNCTION = YES;
				GCC_WARN_UNUSED_VARIABLE = YES;
				IPHONEOS_DEPLOYMENT_TARGET = 13.2;
				MTL_ENABLE_DEBUG_INFO = NO;
				MTL_FAST_MATH = YES;
				SDKROOT = iphoneos;
				SWIFT_COMPILATION_MODE = wholemodule;
				SWIFT_OPTIMIZATION_LEVEL = "-O";
				VALIDATE_PRODUCT = YES;
			};
			name = Release;
		};
		5AF3F14C23E8C907003D4B6D /* Debug */ = {
			isa = XCBuildConfiguration;
			buildSettings = {
				ASSETCATALOG_COMPILER_APPICON_NAME = AppIcon;
				CODE_SIGN_STYLE = Automatic;
				INFOPLIST_FILE = MedMateBuildWeek1/Info.plist;
				LD_RUNPATH_SEARCH_PATHS = (
					"$(inherited)",
					"@executable_path/Frameworks",
				);
				PRODUCT_BUNDLE_IDENTIFIER = com.StephanieBallard.MedMateBuildWeek1;
				PRODUCT_NAME = "$(TARGET_NAME)";
				SWIFT_VERSION = 5.0;
				TARGETED_DEVICE_FAMILY = "1,2";
			};
			name = Debug;
		};
		5AF3F14D23E8C907003D4B6D /* Release */ = {
			isa = XCBuildConfiguration;
			buildSettings = {
				ASSETCATALOG_COMPILER_APPICON_NAME = AppIcon;
				CODE_SIGN_STYLE = Automatic;
				INFOPLIST_FILE = MedMateBuildWeek1/Info.plist;
				LD_RUNPATH_SEARCH_PATHS = (
					"$(inherited)",
					"@executable_path/Frameworks",
				);
				PRODUCT_BUNDLE_IDENTIFIER = com.StephanieBallard.MedMateBuildWeek1;
				PRODUCT_NAME = "$(TARGET_NAME)";
				SWIFT_VERSION = 5.0;
				TARGETED_DEVICE_FAMILY = "1,2";
			};
			name = Release;
		};
/* End XCBuildConfiguration section */

/* Begin XCConfigurationList section */
		5AF3F13223E8C906003D4B6D /* Build configuration list for PBXProject "MedMateBuildWeek1" */ = {
			isa = XCConfigurationList;
			buildConfigurations = (
				5AF3F14923E8C907003D4B6D /* Debug */,
				5AF3F14A23E8C907003D4B6D /* Release */,
			);
			defaultConfigurationIsVisible = 0;
			defaultConfigurationName = Release;
		};
		5AF3F14B23E8C907003D4B6D /* Build configuration list for PBXNativeTarget "MedMateBuildWeek1" */ = {
			isa = XCConfigurationList;
			buildConfigurations = (
				5AF3F14C23E8C907003D4B6D /* Debug */,
				5AF3F14D23E8C907003D4B6D /* Release */,
			);
			defaultConfigurationIsVisible = 0;
			defaultConfigurationName = Release;
		};
/* End XCConfigurationList section */
	};
	rootObject = 5AF3F12F23E8C906003D4B6D /* Project object */;
}
